
Microsoft Visual Studio Solution File, Format Version 12.00
# Visual Studio Version 17
VisualStudioVersion = 17.14.36811.4 d17.14
MinimumVisualStudioVersion = 10.0.40219.1
Project("{FAE04EC0-301F-11D3-BF4B-00C04F79EFBC}") = "Study_ToDoList", "Study_ToDoList\Study_ToDoList.csproj", "{B52FE586-3E4D-42AC-85A2-44A60D1A67E2}"
EndProject
Global
	GlobalSection(SolutionConfigurationPlatforms) = preSolution
		Debug|Any CPU = Debug|Any CPU
		Release|Any CPU = Release|Any CPU
	EndGlobalSection
	GlobalSection(ProjectConfigurationPlatforms) = postSolution
		{B52FE586-3E4D-42AC-85A2-44A60D1A67E2}.Debug|Any CPU.ActiveCfg = Debug|Any CPU
		{B52FE586-3E4D-42AC-85A2-44A60D1A67E2}.Debug|Any CPU.Build.0 = Debug|Any CPU
		{B52FE586-3E4D-42AC-85A2-44A60D1A67E2}.Release|Any CPU.ActiveCfg = Release|Any CPU
		{B52FE586-3E4D-42AC-85A2-44A60D1A67E2}.Release|Any CPU.Build.0 = Release|Any CPU
	EndGlobalSection
	GlobalSection(SolutionProperties) = preSolution
		HideSolutionNode = FALSE
	EndGlobalSection
	GlobalSection(ExtensibilityGlobals) = postSolution
		SolutionGuid = {5C48066D-144A-435C-84F9-78DFEFB327B8}
	EndGlobalSection
EndGlobal
